
Microsoft Visual Studio Solution File, Format Version 12.00
# Visual Studio Version 16
VisualStudioVersion = 16.0.29806.167
MinimumVisualStudioVersion = 10.0.40219.1
Project("{8BC9CEB8-8B4A-11D0-8D11-00A0C91BC942}") = "SonicCDDecomp", "SonicCDDecomp\SonicCDDecomp.vcxproj", "{BD4A4266-8ED9-491E-B4CC-3F63F0D39C1B}"
EndProject
Project("{8BC9CEB8-8B4A-11D0-8D11-00A0C91BC942}") = "libvorbis_static", "dependencies\windows\libvorbis\win32\VS2010\libvorbis\libvorbis_static.vcxproj", "{3A214E06-B95E-4D61-A291-1F8DF2EC10FD}"
EndProject
Project("{8BC9CEB8-8B4A-11D0-8D11-00A0C91BC942}") = "libtheora_static", "dependencies\windows\libtheora\win32\VS2008\libtheora\libtheora_static.vcxproj", "{653F3841-3F26-49B9-AFCF-091DB4B67031}"
EndProject
Project("{8BC9CEB8-8B4A-11D0-8D11-00A0C91BC942}") = "libogg", "dependencies\windows\libogg\win32\VS2015\libogg.vcxproj", "{AFF27A26-C088-444B-BC2A-0BA94A02AFA7}"
EndProject
Project("{8BC9CEB8-8B4A-11D0-8D11-00A0C91BC942}") = "libvorbisfile", "dependencies\windows\libvorbis\win32\VS2010\libvorbisfile\libvorbisfile_static.vcxproj", "{CEBDE98B-A6AA-46E6-BC79-FAAF823DB9EC}"
EndProject
Global
	GlobalSection(SolutionConfigurationPlatforms) = preSolution
		Debug|x64 = Debug|x64
		Debug|x86 = Debug|x86
		DebugDLL|x64 = DebugDLL|x64
		DebugDLL|x86 = DebugDLL|x86
		Release_SSE|x64 = Release_SSE|x64
		Release_SSE|x86 = Release_SSE|x86
		Release_SSE2|x64 = Release_SSE2|x64
		Release_SSE2|x86 = Release_SSE2|x86
		Release|x64 = Release|x64
		Release|x86 = Release|x86
		ReleaseDLL|x64 = ReleaseDLL|x64
		ReleaseDLL|x86 = ReleaseDLL|x86
	EndGlobalSection
	GlobalSection(ProjectConfigurationPlatforms) = postSolution
		{BD4A4266-8ED9-491E-B4CC-3F63F0D39C1B}.Debug|x64.ActiveCfg = Debug|x64
		{BD4A4266-8ED9-491E-B4CC-3F63F0D39C1B}.Debug|x64.Build.0 = Debug|x64
		{BD4A4266-8ED9-491E-B4CC-3F63F0D39C1B}.Debug|x86.ActiveCfg = Debug|Win32
		{BD4A4266-8ED9-491E-B4CC-3F63F0D39C1B}.Debug|x86.Build.0 = Debug|Win32
		{BD4A4266-8ED9-491E-B4CC-3F63F0D39C1B}.DebugDLL|x64.ActiveCfg = Debug|x64
		{BD4A4266-8ED9-491E-B4CC-3F63F0D39C1B}.DebugDLL|x64.Build.0 = Debug|x64
		{BD4A4266-8ED9-491E-B4CC-3F63F0D39C1B}.DebugDLL|x86.ActiveCfg = Debug|Win32
		{BD4A4266-8ED9-491E-B4CC-3F63F0D39C1B}.DebugDLL|x86.Build.0 = Debug|Win32
		{BD4A4266-8ED9-491E-B4CC-3F63F0D39C1B}.Release_SSE|x64.ActiveCfg = Release|x64
		{BD4A4266-8ED9-491E-B4CC-3F63F0D39C1B}.Release_SSE|x64.Build.0 = Release|x64
		{BD4A4266-8ED9-491E-B4CC-3F63F0D39C1B}.Release_SSE|x86.ActiveCfg = Release|Win32
		{BD4A4266-8ED9-491E-B4CC-3F63F0D39C1B}.Release_SSE|x86.Build.0 = Release|Win32
		{BD4A4266-8ED9-491E-B4CC-3F63F0D39C1B}.Release_SSE2|x64.ActiveCfg = Release|x64
		{BD4A4266-8ED9-491E-B4CC-3F63F0D39C1B}.Release_SSE2|x64.Build.0 = Release|x64
		{BD4A4266-8ED9-491E-B4CC-3F63F0D39C1B}.Release_SSE2|x86.ActiveCfg = Release|Win32
		{BD4A4266-8ED9-491E-B4CC-3F63F0D39C1B}.Release_SSE2|x86.Build.0 = Release|Win32
		{BD4A4266-8ED9-491E-B4CC-3F63F0D39C1B}.Release|x64.ActiveCfg = Release|x64
		{BD4A4266-8ED9-491E-B4CC-3F63F0D39C1B}.Release|x64.Build.0 = Release|x64
		{BD4A4266-8ED9-491E-B4CC-3F63F0D39C1B}.Release|x86.ActiveCfg = Release|Win32
		{BD4A4266-8ED9-491E-B4CC-3F63F0D39C1B}.Release|x86.Build.0 = Release|Win32
		{BD4A4266-8ED9-491E-B4CC-3F63F0D39C1B}.ReleaseDLL|x64.ActiveCfg = Release|x64
		{BD4A4266-8ED9-491E-B4CC-3F63F0D39C1B}.ReleaseDLL|x64.Build.0 = Release|x64
		{BD4A4266-8ED9-491E-B4CC-3F63F0D39C1B}.ReleaseDLL|x86.ActiveCfg = Release|Win32
		{BD4A4266-8ED9-491E-B4CC-3F63F0D39C1B}.ReleaseDLL|x86.Build.0 = Release|Win32
		{3A214E06-B95E-4D61-A291-1F8DF2EC10FD}.Debug|x64.ActiveCfg = Debug|x64
		{3A214E06-B95E-4D61-A291-1F8DF2EC10FD}.Debug|x64.Build.0 = Debug|x64
		{3A214E06-B95E-4D61-A291-1F8DF2EC10FD}.Debug|x86.ActiveCfg = Debug|Win32
		{3A214E06-B95E-4D61-A291-1F8DF2EC10FD}.Debug|x86.Build.0 = Debug|Win32
		{3A214E06-B95E-4D61-A291-1F8DF2EC10FD}.DebugDLL|x64.ActiveCfg = Debug|x64
		{3A214E06-B95E-4D61-A291-1F8DF2EC10FD}.DebugDLL|x64.Build.0 = Debug|x64
		{3A214E06-B95E-4D61-A291-1F8DF2EC10FD}.DebugDLL|x86.ActiveCfg = Debug|Win32
		{3A214E06-B95E-4D61-A291-1F8DF2EC10FD}.DebugDLL|x86.Build.0 = Debug|Win32
		{3A214E06-B95E-4D61-A291-1F8DF2EC10FD}.Release_SSE|x64.ActiveCfg = Release|x64
		{3A214E06-B95E-4D61-A291-1F8DF2EC10FD}.Release_SSE|x64.Build.0 = Release|x64
		{3A214E06-B95E-4D61-A291-1F8DF2EC10FD}.Release_SSE|x86.ActiveCfg = Release|Win32
		{3A214E06-B95E-4D61-A291-1F8DF2EC10FD}.Release_SSE|x86.Build.0 = Release|Win32
		{3A214E06-B95E-4D61-A291-1F8DF2EC10FD}.Release_SSE2|x64.ActiveCfg = Release|x64
		{3A214E06-B95E-4D61-A291-1F8DF2EC10FD}.Release_SSE2|x64.Build.0 = Release|x64
		{3A214E06-B95E-4D61-A291-1F8DF2EC10FD}.Release_SSE2|x86.ActiveCfg = Release|Win32
		{3A214E06-B95E-4D61-A291-1F8DF2EC10FD}.Release_SSE2|x86.Build.0 = Release|Win32
		{3A214E06-B95E-4D61-A291-1F8DF2EC10FD}.Release|x64.ActiveCfg = Release|x64
		{3A214E06-B95E-4D61-A291-1F8DF2EC10FD}.Release|x64.Build.0 = Release|x64
		{3A214E06-B95E-4D61-A291-1F8DF2EC10FD}.Release|x86.ActiveCfg = Release|Win32
		{3A214E06-B95E-4D61-A291-1F8DF2EC10FD}.Release|x86.Build.0 = Release|Win32
		{3A214E06-B95E-4D61-A291-1F8DF2EC10FD}.ReleaseDLL|x64.ActiveCfg = Release|x64
		{3A214E06-B95E-4D61-A291-1F8DF2EC10FD}.ReleaseDLL|x64.Build.0 = Release|x64
		{3A214E06-B95E-4D61-A291-1F8DF2EC10FD}.ReleaseDLL|x86.ActiveCfg = Release|Win32
		{3A214E06-B95E-4D61-A291-1F8DF2EC10FD}.ReleaseDLL|x86.Build.0 = Release|Win32
		{653F3841-3F26-49B9-AFCF-091DB4B67031}.Debug|x64.ActiveCfg = Debug|x64
		{653F3841-3F26-49B9-AFCF-091DB4B67031}.Debug|x64.Build.0 = Debug|x64
		{653F3841-3F26-49B9-AFCF-091DB4B67031}.Debug|x86.ActiveCfg = Debug|Win32
		{653F3841-3F26-49B9-AFCF-091DB4B67031}.Debug|x86.Build.0 = Debug|Win32
		{653F3841-3F26-49B9-AFCF-091DB4B67031}.DebugDLL|x64.ActiveCfg = Debug|x64
		{653F3841-3F26-49B9-AFCF-091DB4B67031}.DebugDLL|x64.Build.0 = Debug|x64
		{653F3841-3F26-49B9-AFCF-091DB4B67031}.DebugDLL|x86.ActiveCfg = Debug|Win32
		{653F3841-3F26-49B9-AFCF-091DB4B67031}.DebugDLL|x86.Build.0 = Debug|Win32
		{653F3841-3F26-49B9-AFCF-091DB4B67031}.Release_SSE|x64.ActiveCfg = Release_SSE|x64
		{653F3841-3F26-49B9-AFCF-091DB4B67031}.Release_SSE|x64.Build.0 = Release_SSE|x64
		{653F3841-3F26-49B9-AFCF-091DB4B67031}.Release_SSE|x86.ActiveCfg = Release_SSE|Win32
		{653F3841-3F26-49B9-AFCF-091DB4B67031}.Release_SSE|x86.Build.0 = Release_SSE|Win32
		{653F3841-3F26-49B9-AFCF-091DB4B67031}.Release_SSE2|x64.ActiveCfg = Release_SSE2|x64
		{653F3841-3F26-49B9-AFCF-091DB4B67031}.Release_SSE2|x64.Build.0 = Release_SSE2|x64
		{653F3841-3F26-49B9-AFCF-091DB4B67031}.Release_SSE2|x86.ActiveCfg = Release_SSE2|Win32
		{653F3841-3F26-49B9-AFCF-091DB4B67031}.Release_SSE2|x86.Build.0 = Release_SSE2|Win32
		{653F3841-3F26-49B9-AFCF-091DB4B67031}.Release|x64.ActiveCfg = Release|x64
		{653F3841-3F26-49B9-AFCF-091DB4B67031}.Release|x64.Build.0 = Release|x64
		{653F3841-3F26-49B9-AFCF-091DB4B67031}.Release|x86.ActiveCfg = Release|Win32
		{653F3841-3F26-49B9-AFCF-091DB4B67031}.Release|x86.Build.0 = Release|Win32
		{653F3841-3F26-49B9-AFCF-091DB4B67031}.ReleaseDLL|x64.ActiveCfg = Release_SSE|x64
		{653F3841-3F26-49B9-AFCF-091DB4B67031}.ReleaseDLL|x64.Build.0 = Release_SSE|x64
		{653F3841-3F26-49B9-AFCF-091DB4B67031}.ReleaseDLL|x86.ActiveCfg = Release_SSE|Win32
		{653F3841-3F26-49B9-AFCF-091DB4B67031}.ReleaseDLL|x86.Build.0 = Release_SSE|Win32
		{AFF27A26-C088-444B-BC2A-0BA94A02AFA7}.Debug|x64.ActiveCfg = Debug|x64
		{AFF27A26-C088-444B-BC2A-0BA94A02AFA7}.Debug|x64.Build.0 = Debug|x64
		{AFF27A26-C088-444B-BC2A-0BA94A02AFA7}.Debug|x86.ActiveCfg = Debug|Win32
		{AFF27A26-C088-444B-BC2A-0BA94A02AFA7}.Debug|x86.Build.0 = Debug|Win32
		{AFF27A26-C088-444B-BC2A-0BA94A02AFA7}.DebugDLL|x64.ActiveCfg = DebugDLL|x64
		{AFF27A26-C088-444B-BC2A-0BA94A02AFA7}.DebugDLL|x64.Build.0 = DebugDLL|x64
		{AFF27A26-C088-444B-BC2A-0BA94A02AFA7}.DebugDLL|x86.ActiveCfg = DebugDLL|Win32
		{AFF27A26-C088-444B-BC2A-0BA94A02AFA7}.DebugDLL|x86.Build.0 = DebugDLL|Win32
		{AFF27A26-C088-444B-BC2A-0BA94A02AFA7}.Release_SSE|x64.ActiveCfg = Release|x64
		{AFF27A26-C088-444B-BC2A-0BA94A02AFA7}.Release_SSE|x64.Build.0 = Release|x64
		{AFF27A26-C088-444B-BC2A-0BA94A02AFA7}.Release_SSE|x86.ActiveCfg = Release|Win32
		{AFF27A26-C088-444B-BC2A-0BA94A02AFA7}.Release_SSE|x86.Build.0 = Release|Win32
		{AFF27A26-C088-444B-BC2A-0BA94A02AFA7}.Release_SSE2|x64.ActiveCfg = Release|x64
		{AFF27A26-C088-444B-BC2A-0BA94A02AFA7}.Release_SSE2|x64.Build.0 = Release|x64
		{AFF27A26-C088-444B-BC2A-0BA94A02AFA7}.Release_SSE2|x86.ActiveCfg = Release|Win32
		{AFF27A26-C088-444B-BC2A-0BA94A02AFA7}.Release_SSE2|x86.Build.0 = Release|Win32
		{AFF27A26-C088-444B-BC2A-0BA94A02AFA7}.Release|x64.ActiveCfg = Release|x64
		{AFF27A26-C088-444B-BC2A-0BA94A02AFA7}.Release|x64.Build.0 = Release|x64
		{AFF27A26-C088-444B-BC2A-0BA94A02AFA7}.Release|x86.ActiveCfg = Release|Win32
		{AFF27A26-C088-444B-BC2A-0BA94A02AFA7}.Release|x86.Build.0 = Release|Win32
		{AFF27A26-C088-444B-BC2A-0BA94A02AFA7}.ReleaseDLL|x64.ActiveCfg = ReleaseDLL|x64
		{AFF27A26-C088-444B-BC2A-0BA94A02AFA7}.ReleaseDLL|x64.Build.0 = ReleaseDLL|x64
		{AFF27A26-C088-444B-BC2A-0BA94A02AFA7}.ReleaseDLL|x86.ActiveCfg = ReleaseDLL|Win32
		{AFF27A26-C088-444B-BC2A-0BA94A02AFA7}.ReleaseDLL|x86.Build.0 = ReleaseDLL|Win32
		{CEBDE98B-A6AA-46E6-BC79-FAAF823DB9EC}.Debug|x64.ActiveCfg = Debug|x64
		{CEBDE98B-A6AA-46E6-BC79-FAAF823DB9EC}.Debug|x64.Build.0 = Debug|x64
		{CEBDE98B-A6AA-46E6-BC79-FAAF823DB9EC}.Debug|x86.ActiveCfg = Debug|Win32
		{CEBDE98B-A6AA-46E6-BC79-FAAF823DB9EC}.Debug|x86.Build.0 = Debug|Win32
		{CEBDE98B-A6AA-46E6-BC79-FAAF823DB9EC}.DebugDLL|x64.ActiveCfg = Debug|x64
		{CEBDE98B-A6AA-46E6-BC79-FAAF823DB9EC}.DebugDLL|x64.Build.0 = Debug|x64
		{CEBDE98B-A6AA-46E6-BC79-FAAF823DB9EC}.DebugDLL|x86.ActiveCfg = Debug|Win32
		{CEBDE98B-A6AA-46E6-BC79-FAAF823DB9EC}.DebugDLL|x86.Build.0 = Debug|Win32
		{CEBDE98B-A6AA-46E6-BC79-FAAF823DB9EC}.Release_SSE|x64.ActiveCfg = Release|x64
		{CEBDE98B-A6AA-46E6-BC79-FAAF823DB9EC}.Release_SSE|x64.Build.0 = Release|x64
		{CEBDE98B-A6AA-46E6-BC79-FAAF823DB9EC}.Release_SSE|x86.ActiveCfg = Release|Win32
		{CEBDE98B-A6AA-46E6-BC79-FAAF823DB9EC}.Release_SSE|x86.Build.0 = Release|Win32
		{CEBDE98B-A6AA-46E6-BC79-FAAF823DB9EC}.Release_SSE2|x64.ActiveCfg = Release|x64
		{CEBDE98B-A6AA-46E6-BC79-FAAF823DB9EC}.Release_SSE2|x64.Build.0 = Release|x64
		{CEBDE98B-A6AA-46E6-BC79-FAAF823DB9EC}.Release_SSE2|x86.ActiveCfg = Release|Win32
		{CEBDE98B-A6AA-46E6-BC79-FAAF823DB9EC}.Release_SSE2|x86.Build.0 = Release|Win32
		{CEBDE98B-A6AA-46E6-BC79-FAAF823DB9EC}.Release|x64.ActiveCfg = Release|x64
		{CEBDE98B-A6AA-46E6-BC79-FAAF823DB9EC}.Release|x64.Build.0 = Release|x64
		{CEBDE98B-A6AA-46E6-BC79-FAAF823DB9EC}.Release|x86.ActiveCfg = Release|Win32
		{CEBDE98B-A6AA-46E6-BC79-FAAF823DB9EC}.Release|x86.Build.0 = Release|Win32
		{CEBDE98B-A6AA-46E6-BC79-FAAF823DB9EC}.ReleaseDLL|x64.ActiveCfg = Release|x64
		{CEBDE98B-A6AA-46E6-BC79-FAAF823DB9EC}.ReleaseDLL|x64.Build.0 = Release|x64
		{CEBDE98B-A6AA-46E6-BC79-FAAF823DB9EC}.ReleaseDLL|x86.ActiveCfg = Release|Win32
		{CEBDE98B-A6AA-46E6-BC79-FAAF823DB9EC}.ReleaseDLL|x86.Build.0 = Release|Win32
	EndGlobalSection
	GlobalSection(SolutionProperties) = preSolution
		HideSolutionNode = FALSE
	EndGlobalSection
	GlobalSection(ExtensibilityGlobals) = postSolution
		SolutionGuid = {CEEC6B21-D41E-4C5C-8B97-9FAAD7974615}
	EndGlobalSection
EndGlobal
